// !$*UTF8*$!
{
	archiveVersion = 1;
	classes = {
	};
	objectVersion = 50;
	objects = {

/* Begin PBXBuildFile section */
		943C986C2220358200E08868 /* AppDelegate.swift in Sources */ = {isa = PBXBuildFile; fileRef = 943C986B2220358200E08868 /* AppDelegate.swift */; };
		943C986E2220358200E08868 /* LaunchScreenViewController.swift in Sources */ = {isa = PBXBuildFile; fileRef = 943C986D2220358200E08868 /* LaunchScreenViewController.swift */; };
		943C98712220358200E08868 /* Main.storyboard in Resources */ = {isa = PBXBuildFile; fileRef = 943C986F2220358200E08868 /* Main.storyboard */; };
		943C98732220358400E08868 /* Assets.xcassets in Resources */ = {isa = PBXBuildFile; fileRef = 943C98722220358400E08868 /* Assets.xcassets */; };
		943C98762220358400E08868 /* LaunchScreen.storyboard in Resources */ = {isa = PBXBuildFile; fileRef = 943C98742220358400E08868 /* LaunchScreen.storyboard */; };
		943C98832222E2B300E08868 /* StandardGameViewController.swift in Sources */ = {isa = PBXBuildFile; fileRef = 943C98822222E2B300E08868 /* StandardGameViewController.swift */; };
		947894CB2225C30D00181AE2 /* Question.swift in Sources */ = {isa = PBXBuildFile; fileRef = 947894CA2225C30D00181AE2 /* Question.swift */; };
		947894CD2225C45400181AE2 /* QuestionBank.swift in Sources */ = {isa = PBXBuildFile; fileRef = 947894CC2225C45400181AE2 /* QuestionBank.swift */; };
/* End PBXBuildFile section */

/* Begin PBXFileReference section */
		943C98682220358200E08868 /* Ultimate Flag Quiz.app */ = {isa = PBXFileReference; explicitFileType = wrapper.application; includeInIndex = 0; path = "Ultimate Flag Quiz.app"; sourceTree = BUILT_PRODUCTS_DIR; };
		943C986B2220358200E08868 /* AppDelegate.swift */ = {isa = PBXFileReference; lastKnownFileType = sourcecode.swift; path = AppDelegate.swift; sourceTree = "<group>"; };
		943C986D2220358200E08868 /* LaunchScreenViewController.swift */ = {isa = PBXFileReference; lastKnownFileType = sourcecode.swift; path = LaunchScreenViewController.swift; sourceTree = "<group>"; };
		943C98702220358200E08868 /* Base */ = {isa = PBXFileReference; lastKnownFileType = file.storyboard; name = Base; path = Base.lproj/Main.storyboard; sourceTree = "<group>"; };
		943C98722220358400E08868 /* Assets.xcassets */ = {isa = PBXFileReference; lastKnownFileType = folder.assetcatalog; path = Assets.xcassets; sourceTree = "<group>"; };
		943C98752220358400E08868 /* Base */ = {isa = PBXFileReference; lastKnownFileType = file.storyboard; name = Base; path = Base.lproj/LaunchScreen.storyboard; sourceTree = "<group>"; };
		943C98772220358400E08868 /* Info.plist */ = {isa = PBXFileReference; lastKnownFileType = text.plist.xml; path = Info.plist; sourceTree = "<group>"; };
		943C98822222E2B300E08868 /* StandardGameViewController.swift */ = {isa = PBXFileReference; lastKnownFileType = sourcecode.swift; path = StandardGameViewController.swift; sourceTree = "<group>"; };
		947894CA2225C30D00181AE2 /* Question.swift */ = {isa = PBXFileReference; lastKnownFileType = sourcecode.swift; path = Question.swift; sourceTree = "<group>"; };
		947894CC2225C45400181AE2 /* QuestionBank.swift */ = {isa = PBXFileReference; lastKnownFileType = sourcecode.swift; path = QuestionBank.swift; sourceTree = "<group>"; };
/* End PBXFileReference section */

/* Begin PBXFrameworksBuildPhase section */
		943C98652220358200E08868 /* Frameworks */ = {
			isa = PBXFrameworksBuildPhase;
			buildActionMask = 2147483647;
			files = (
			);
			runOnlyForDeploymentPostprocessing = 0;
		};
/* End PBXFrameworksBuildPhase section */

/* Begin PBXGroup section */
		943C985F2220358200E08868 = {
			isa = PBXGroup;
			children = (
				943C986A2220358200E08868 /* Ultimate Flag Quiz */,
				943C98692220358200E08868 /* Products */,
			);
			sourceTree = "<group>";
		};
		943C98692220358200E08868 /* Products */ = {
			isa = PBXGroup;
			children = (
				943C98682220358200E08868 /* Ultimate Flag Quiz.app */,
			);
			name = Products;
			sourceTree = "<group>";
		};
		943C986A2220358200E08868 /* Ultimate Flag Quiz */ = {
			isa = PBXGroup;
			children = (
				943C988122203FA000E08868 /* Controller */,
				943C987F22203F7F00E08868 /* Model */,
				943C987E22203F5C00E08868 /* View */,
				943C98722220358400E08868 /* Assets.xcassets */,
				943C98742220358400E08868 /* LaunchScreen.storyboard */,
				943C98772220358400E08868 /* Info.plist */,
			);
			path = "Ultimate Flag Quiz";
			sourceTree = "<group>";
		};
		943C987E22203F5C00E08868 /* View */ = {
			isa = PBXGroup;
			children = (
				943C986F2220358200E08868 /* Main.storyboard */,
			);
			path = View;
			sourceTree = "<group>";
		};
		943C987F22203F7F00E08868 /* Model */ = {
			isa = PBXGroup;
			children = (
				947894CA2225C30D00181AE2 /* Question.swift */,
				947894CC2225C45400181AE2 /* QuestionBank.swift */,
			);
			path = Model;
			sourceTree = "<group>";
		};
		943C988122203FA000E08868 /* Controller */ = {
			isa = PBXGroup;
			children = (
				943C986B2220358200E08868 /* AppDelegate.swift */,
				943C986D2220358200E08868 /* LaunchScreenViewController.swift */,
				943C98822222E2B300E08868 /* StandardGameViewController.swift */,
			);
			path = Controller;
			sourceTree = "<group>";
		};
/* End PBXGroup section */

/* Begin PBXNativeTarget section */
		943C98672220358200E08868 /* Ultimate Flag Quiz */ = {
			isa = PBXNativeTarget;
			buildConfigurationList = 943C987A2220358400E08868 /* Build configuration list for PBXNativeTarget "Ultimate Flag Quiz" */;
			buildPhases = (
				943C98642220358200E08868 /* Sources */,
				943C98652220358200E08868 /* Frameworks */,
				943C98662220358200E08868 /* Resources */,
			);
			buildRules = (
			);
			dependencies = (
			);
			name = "Ultimate Flag Quiz";
			productName = "Ultimate Flag Quiz";
			productReference = 943C98682220358200E08868 /* Ultimate Flag Quiz.app */;
			productType = "com.apple.product-type.application";
		};
/* End PBXNativeTarget section */

/* Begin PBXProject section */
		943C98602220358200E08868 /* Project object */ = {
			isa = PBXProject;
			attributes = {
				LastSwiftUpdateCheck = 0940;
				LastUpgradeCheck = 0940;
				ORGANIZATIONNAME = "Pearson, Jessica";
				TargetAttributes = {
					943C98672220358200E08868 = {
						CreatedOnToolsVersion = 9.4.1;
					};
				};
			};
			buildConfigurationList = 943C98632220358200E08868 /* Build configuration list for PBXProject "Ultimate Flag Quiz" */;
			compatibilityVersion = "Xcode 9.3";
			developmentRegion = en;
			hasScannedForEncodings = 0;
			knownRegions = (
				en,
				Base,
			);
			mainGroup = 943C985F2220358200E08868;
			productRefGroup = 943C98692220358200E08868 /* Products */;
			projectDirPath = "";
			projectRoot = "";
			targets = (
				943C98672220358200E08868 /* Ultimate Flag Quiz */,
			);
		};
/* End PBXProject section */

/* Begin PBXResourcesBuildPhase section */
		943C98662220358200E08868 /* Resources */ = {
			isa = PBXResourcesBuildPhase;
			buildActionMask = 2147483647;
			files = (
				943C98762220358400E08868 /* LaunchScreen.storyboard in Resources */,
				943C98732220358400E08868 /* Assets.xcassets in Resources */,
				943C98712220358200E08868 /* Main.storyboard in Resources */,
			);
			runOnlyForDeploymentPostprocessing = 0;
		};
/* End PBXResourcesBuildPhase section */

/* Begin PBXSourcesBuildPhase section */
		943C98642220358200E08868 /* Sources */ = {
			isa = PBXSourcesBuildPhase;
			buildActionMask = 2147483647;
			files = (
				943C986E2220358200E08868 /* LaunchScreenViewController.swift in Sources */,
				947894CB2225C30D00181AE2 /* Question.swift in Sources */,
				943C986C2220358200E08868 /* AppDelegate.swift in Sources */,
				947894CD2225C45400181AE2 /* QuestionBank.swift in Sources */,
				943C98832222E2B300E08868 /* StandardGameViewController.swift in Sources */,
			);
			runOnlyForDeploymentPostprocessing = 0;
		};
/* End PBXSourcesBuildPhase section */

/* Begin PBXVariantGroup section */
		943C986F2220358200E08868 /* Main.storyboard */ = {
			isa = PBXVariantGroup;
			children = (
				943C98702220358200E08868 /* Base */,
			);
			name = Main.storyboard;
			sourceTree = "<group>";
		};
		943C98742220358400E08868 /* LaunchScreen.storyboard */ = {
			isa = PBXVariantGroup;
			children = (
				943C98752220358400E08868 /* Base */,
			);
			name = LaunchScreen.storyboard;
			sourceTree = "<group>";
		};
/* End PBXVariantGroup section */

/* Begin XCBuildConfiguration section */
		943C98782220358400E08868 /* Debug */ = {
			isa = XCBuildConfiguration;
			buildSettings = {
				ALWAYS_SEARCH_USER_PATHS = NO;
				CLANG_ANALYZER_NONNULL = YES;
				CLANG_ANALYZER_NUMBER_OBJECT_CONVERSION = YES_AGGRESSIVE;
				CLANG_CXX_LANGUAGE_STANDARD = "gnu++14";
				CLANG_CXX_LIBRARY = "libc++";
				CLANG_ENABLE_MODULES = YES;
				CLANG_ENABLE_OBJC_ARC = YES;
				CLANG_ENABLE_OBJC_WEAK = YES;
				CLANG_WARN_BLOCK_CAPTURE_AUTORELEASING = YES;
				CLANG_WARN_BOOL_CONVERSION = YES;
				CLANG_WARN_COMMA = YES;
				CLANG_WARN_CONSTANT_CONVERSION = YES;
				CLANG_WARN_DEPRECATED_OBJC_IMPLEMENTATIONS = YES;
				CLANG_WARN_DIRECT_OBJC_ISA_USAGE = YES_ERROR;
				CLANG_WARN_DOCUMENTATION_COMMENTS = YES;
				CLANG_WARN_EMPTY_BODY = YES;
				CLANG_WARN_ENUM_CONVERSION = YES;
				CLANG_WARN_INFINITE_RECURSION = YES;
				CLANG_WARN_INT_CONVERSION = YES;
				CLANG_WARN_NON_LITERAL_NULL_CONVERSION = YES;
				CLANG_WARN_OBJC_IMPLICIT_RETAIN_SELF = YES;
				CLANG_WARN_OBJC_LITERAL_CONVERSION = YES;
				CLANG_WARN_OBJC_ROOT_CLASS = YES_ERROR;
				CLANG_WARN_RANGE_LOOP_ANALYSIS = YES;
				CLANG_WARN_STRICT_PROTOTYPES = YES;
				CLANG_WARN_SUSPICIOUS_MOVE = YES;
				CLANG_WARN_UNGUARDED_AVAILABILITY = YES_AGGRESSIVE;
				CLANG_WARN_UNREACHABLE_CODE = YES;
				CLANG_WARN__DUPLICATE_METHOD_MATCH = YES;
				CODE_SIGN_IDENTITY = "iPhone Developer";
				COPY_PHASE_STRIP = NO;
				DEBUG_INFORMATION_FORMAT = dwarf;
				ENABLE_STRICT_OBJC_MSGSEND = YES;
				ENABLE_TESTABILITY = YES;
				GCC_C_LANGUAGE_STANDARD = gnu11;
				GCC_DYNAMIC_NO_PIC = NO;
				GCC_NO_COMMON_BLOCKS = YES;
				GCC_OPTIMIZATION_LEVEL = 0;
				GCC_PREPROCESSOR_DEFINITIONS = (
					"DEBUG=1",
					"$(inherited)",
				);
				GCC_WARN_64_TO_32_BIT_CONVERSION = YES;
				GCC_WARN_ABOUT_RETURN_TYPE = YES_ERROR;
				GCC_WARN_UNDECLARED_SELECTOR = YES;
				GCC_WARN_UNINITIALIZED_AUTOS = YES_AGGRESSIVE;
				GCC_WARN_UNUSED_FUNCTION = YES;
				GCC_WARN_UNUSED_VARIABLE = YES;
				IPHONEOS_DEPLOYMENT_TARGET = 11.4;
				MTL_ENABLE_DEBUG_INFO = YES;
				ONLY_ACTIVE_ARCH = YES;
				SDKROOT = iphoneos;
				SWIFT_ACTIVE_COMPILATION_CONDITIONS = DEBUG;
				SWIFT_OPTIMIZATION_LEVEL = "-Onone";
			};
			name = Debug;
		};
		943C98792220358400E08868 /* Release */ = {
			isa = XCBuildConfiguration;
			buildSettings = {
				ALWAYS_SEARCH_USER_PATHS = NO;
				CLANG_ANALYZER_NONNULL = YES;
				CLANG_ANALYZER_NUMBER_OBJECT_CONVERSION = YES_AGGRESSIVE;
				CLANG_CXX_LANGUAGE_STANDARD = "gnu++14";
				CLANG_CXX_LIBRARY = "libc++";
				CLANG_ENABLE_MODULES = YES;
				CLANG_ENABLE_OBJC_ARC = YES;
				CLANG_ENABLE_OBJC_WEAK = YES;
				CLANG_WARN_BLOCK_CAPTURE_AUTORELEASING = YES;
				CLANG_WARN_BOOL_CONVERSION = YES;
				CLANG_WARN_COMMA = YES;
				CLANG_WARN_CONSTANT_CONVERSION = YES;
				CLANG_WARN_DEPRECATED_OBJC_IMPLEMENTATIONS = YES;
				CLANG_WARN_DIRECT_OBJC_ISA_USAGE = YES_ERROR;
				CLANG_WARN_DOCUMENTATION_COMMENTS = YES;
				CLANG_WARN_EMPTY_BODY = YES;
				CLANG_WARN_ENUM_CONVERSION = YES;
				CLANG_WARN_INFINITE_RECURSION = YES;
				CLANG_WARN_INT_CONVERSION = YES;
				CLANG_WARN_NON_LITERAL_NULL_CONVERSION = YES;
				CLANG_WARN_OBJC_IMPLICIT_RETAIN_SELF = YES;
				CLANG_WARN_OBJC_LITERAL_CONVERSION = YES;
				CLANG_WARN_OBJC_ROOT_CLASS = YES_ERROR;
				CLANG_WARN_RANGE_LOOP_ANALYSIS = YES;
				CLANG_WARN_STRICT_PROTOTYPES = YES;
				CLANG_WARN_SUSPICIOUS_MOVE = YES;
				CLANG_WARN_UNGUARDED_AVAILABILITY = YES_AGGRESSIVE;
				CLANG_WARN_UNREACHABLE_CODE = YES;
				CLANG_WARN__DUPLICATE_METHOD_MATCH = YES;
				CODE_SIGN_IDENTITY = "iPhone Developer";
				COPY_PHASE_STRIP = NO;
				DEBUG_INFORMATION_FORMAT = "dwarf-with-dsym";
				ENABLE_NS_ASSERTIONS = NO;
				ENABLE_STRICT_OBJC_MSGSEND = YES;
				GCC_C_LANGUAGE_STANDARD = gnu11;
				GCC_NO_COMMON_BLOCKS = YES;
				GCC_WARN_64_TO_32_BIT_CONVERSION = YES;
				GCC_WARN_ABOUT_RETURN_TYPE = YES_ERROR;
				GCC_WARN_UNDECLARED_SELECTOR = YES;
				GCC_WARN_UNINITIALIZED_AUTOS = YES_AGGRESSIVE;
				GCC_WARN_UNUSED_FUNCTION = YES;
				GCC_WARN_UNUSED_VARIABLE = YES;
				IPHONEOS_DEPLOYMENT_TARGET = 11.4;
				MTL_ENABLE_DEBUG_INFO = NO;
				SDKROOT = iphoneos;
				SWIFT_COMPILATION_MODE = wholemodule;
				SWIFT_OPTIMIZATION_LEVEL = "-O";
				VALIDATE_PRODUCT = YES;
			};
			name = Release;
		};
		943C987B2220358400E08868 /* Debug */ = {
			isa = XCBuildConfiguration;
			buildSettings = {
				ASSETCATALOG_COMPILER_APPICON_NAME = AppIcon;
				CODE_SIGN_STYLE = Automatic;
				DEVELOPMENT_TEAM = XK3WSUPS49;
				INFOPLIST_FILE = "Ultimate Flag Quiz/Info.plist";
				LD_RUNPATH_SEARCH_PATHS = (
					"$(inherited)",
					"@executable_path/Frameworks",
				);
				PRODUCT_BUNDLE_IDENTIFIER = "com.pearsonjessica.Ultimate-Flag-Quiz";
				PRODUCT_NAME = "$(TARGET_NAME)";
				SWIFT_VERSION = 4.0;
				TARGETED_DEVICE_FAMILY = "1,2";
			};
			name = Debug;
		};
		943C987C2220358400E08868 /* Release */ = {
			isa = XCBuildConfiguration;
			buildSettings = {
				ASSETCATALOG_COMPILER_APPICON_NAME = AppIcon;
				CODE_SIGN_STYLE = Automatic;
				DEVELOPMENT_TEAM = XK3WSUPS49;
				INFOPLIST_FILE = "Ultimate Flag Quiz/Info.plist";
				LD_RUNPATH_SEARCH_PATHS = (
					"$(inherited)",
					"@executable_path/Frameworks",
				);
				PRODUCT_BUNDLE_IDENTIFIER = "com.pearsonjessica.Ultimate-Flag-Quiz";
				PRODUCT_NAME = "$(TARGET_NAME)";
				SWIFT_VERSION = 4.0;
				TARGETED_DEVICE_FAMILY = "1,2";
			};
			name = Release;
		};
/* End XCBuildConfiguration section */

/* Begin XCConfigurationList section */
		943C98632220358200E08868 /* Build configuration list for PBXProject "Ultimate Flag Quiz" */ = {
			isa = XCConfigurationList;
			buildConfigurations = (
				943C98782220358400E08868 /* Debug */,
				943C98792220358400E08868 /* Release */,
			);
			defaultConfigurationIsVisible = 0;
			defaultConfigurationName = Release;
		};
		943C987A2220358400E08868 /* Build configuration list for PBXNativeTarget "Ultimate Flag Quiz" */ = {
			isa = XCConfigurationList;
			buildConfigurations = (
				943C987B2220358400E08868 /* Debug */,
				943C987C2220358400E08868 /* Release */,
			);
			defaultConfigurationIsVisible = 0;
			defaultConfigurationName = Release;
		};
/* End XCConfigurationList section */
	};
	rootObject = 943C98602220358200E08868 /* Project object */;
}
